// !$*UTF8*$!
{
	archiveVersion = 1;
	classes = {
	};
	objectVersion = 55;
	objects = {

/* Begin PBXBuildFile section */
		0723CA3527626D7800C0059E /* AppDelegate.swift in Sources */ = {isa = PBXBuildFile; fileRef = 0723CA3427626D7800C0059E /* AppDelegate.swift */; };
		0723CA3727626D7800C0059E /* SceneDelegate.swift in Sources */ = {isa = PBXBuildFile; fileRef = 0723CA3627626D7800C0059E /* SceneDelegate.swift */; };
		0723CA3927626D7800C0059E /* ViewController.swift in Sources */ = {isa = PBXBuildFile; fileRef = 0723CA3827626D7800C0059E /* ViewController.swift */; };
		0723CA3C27626D7800C0059E /* Main.storyboard in Resources */ = {isa = PBXBuildFile; fileRef = 0723CA3A27626D7800C0059E /* Main.storyboard */; };
		0723CA3E27626D7B00C0059E /* Assets.xcassets in Resources */ = {isa = PBXBuildFile; fileRef = 0723CA3D27626D7B00C0059E /* Assets.xcassets */; };
		0723CA4127626D7B00C0059E /* LaunchScreen.storyboard in Resources */ = {isa = PBXBuildFile; fileRef = 0723CA3F27626D7B00C0059E /* LaunchScreen.storyboard */; };
		0723CA4C27626D7B00C0059E /* JikanTopTests.swift in Sources */ = {isa = PBXBuildFile; fileRef = 0723CA4B27626D7B00C0059E /* JikanTopTests.swift */; };
		0723CA5627626D7B00C0059E /* JikanTopUITests.swift in Sources */ = {isa = PBXBuildFile; fileRef = 0723CA5527626D7B00C0059E /* JikanTopUITests.swift */; };
		0723CA5827626D7B00C0059E /* JikanTopUITestsLaunchTests.swift in Sources */ = {isa = PBXBuildFile; fileRef = 0723CA5727626D7B00C0059E /* JikanTopUITestsLaunchTests.swift */; };
		0723CA6627626E9100C0059E /* MoyaSugar in Frameworks */ = {isa = PBXBuildFile; productRef = 0723CA6527626E9100C0059E /* MoyaSugar */; };
		0723CA6A27626EB300C0059E /* JikanTarget.swift in Sources */ = {isa = PBXBuildFile; fileRef = 0723CA6927626EB300C0059E /* JikanTarget.swift */; };
		0723CA6D27626F4400C0059E /* SwifterSwift in Frameworks */ = {isa = PBXBuildFile; productRef = 0723CA6C27626F4400C0059E /* SwifterSwift */; };
		0723CA70276275B800C0059E /* JikanTargetTests.swift in Sources */ = {isa = PBXBuildFile; fileRef = 0723CA6F276275B800C0059E /* JikanTargetTests.swift */; };
		0723CA73276275F400C0059E /* RxCocoa in Frameworks */ = {isa = PBXBuildFile; productRef = 0723CA72276275F400C0059E /* RxCocoa */; };
		0723CA75276275F400C0059E /* RxRelay in Frameworks */ = {isa = PBXBuildFile; productRef = 0723CA74276275F400C0059E /* RxRelay */; };
		0723CA77276275F400C0059E /* RxSwift in Frameworks */ = {isa = PBXBuildFile; productRef = 0723CA76276275F400C0059E /* RxSwift */; };
		0723CA79276276C400C0059E /* Sample1.json in Resources */ = {isa = PBXBuildFile; fileRef = 0723CA78276276C400C0059E /* Sample1.json */; };
		0723CA7B2762772800C0059E /* TopItem.swift in Sources */ = {isa = PBXBuildFile; fileRef = 0723CA7A2762772800C0059E /* TopItem.swift */; };
		0723CA7E2762774C00C0059E /* BackedCodable in Frameworks */ = {isa = PBXBuildFile; productRef = 0723CA7D2762774C00C0059E /* BackedCodable */; };
		0723CA81276278DF00C0059E /* Then in Frameworks */ = {isa = PBXBuildFile; productRef = 0723CA80276278DF00C0059E /* Then */; };
		0723CA8427627B4100C0059E /* RxMoya in Frameworks */ = {isa = PBXBuildFile; productRef = 0723CA8327627B4100C0059E /* RxMoya */; };
		0723CA8727627E1700C0059E /* SnapKit in Frameworks */ = {isa = PBXBuildFile; productRef = 0723CA8627627E1700C0059E /* SnapKit */; };
		0723CA8A27627E7A00C0059E /* Differentiator in Frameworks */ = {isa = PBXBuildFile; productRef = 0723CA8927627E7A00C0059E /* Differentiator */; };
		0723CA8C27627E7A00C0059E /* RxDataSources in Frameworks */ = {isa = PBXBuildFile; productRef = 0723CA8B27627E7A00C0059E /* RxDataSources */; };
		0723CA8F27627F2B00C0059E /* NSObject-Rx in Frameworks */ = {isa = PBXBuildFile; productRef = 0723CA8E27627F2B00C0059E /* NSObject-Rx */; };
/* End PBXBuildFile section */

/* Begin PBXContainerItemProxy section */
		0723CA4827626D7B00C0059E /* PBXContainerItemProxy */ = {
			isa = PBXContainerItemProxy;
			containerPortal = 0723CA2927626D7800C0059E /* Project object */;
			proxyType = 1;
			remoteGlobalIDString = 0723CA3027626D7800C0059E;
			remoteInfo = JikanTop;
		};
		0723CA5227626D7B00C0059E /* PBXContainerItemProxy */ = {
			isa = PBXContainerItemProxy;
			containerPortal = 0723CA2927626D7800C0059E /* Project object */;
			proxyType = 1;
			remoteGlobalIDString = 0723CA3027626D7800C0059E;
			remoteInfo = JikanTop;
		};
/* End PBXContainerItemProxy section */

/* Begin PBXFileReference section */
		0723CA3127626D7800C0059E /* JikanTop.app */ = {isa = PBXFileReference; explicitFileType = wrapper.application; includeInIndex = 0; path = JikanTop.app; sourceTree = BUILT_PRODUCTS_DIR; };
		0723CA3427626D7800C0059E /* AppDelegate.swift */ = {isa = PBXFileReference; lastKnownFileType = sourcecode.swift; path = AppDelegate.swift; sourceTree = "<group>"; };
		0723CA3627626D7800C0059E /* SceneDelegate.swift */ = {isa = PBXFileReference; lastKnownFileType = sourcecode.swift; path = SceneDelegate.swift; sourceTree = "<group>"; };
		0723CA3827626D7800C0059E /* ViewController.swift */ = {isa = PBXFileReference; lastKnownFileType = sourcecode.swift; path = ViewController.swift; sourceTree = "<group>"; };
		0723CA3B27626D7800C0059E /* Base */ = {isa = PBXFileReference; lastKnownFileType = file.storyboard; name = Base; path = Base.lproj/Main.storyboard; sourceTree = "<group>"; };
		0723CA3D27626D7B00C0059E /* Assets.xcassets */ = {isa = PBXFileReference; lastKnownFileType = folder.assetcatalog; path = Assets.xcassets; sourceTree = "<group>"; };
		0723CA4027626D7B00C0059E /* Base */ = {isa = PBXFileReference; lastKnownFileType = file.storyboard; name = Base; path = Base.lproj/LaunchScreen.storyboard; sourceTree = "<group>"; };
		0723CA4227626D7B00C0059E /* Info.plist */ = {isa = PBXFileReference; lastKnownFileType = text.plist.xml; path = Info.plist; sourceTree = "<group>"; };
		0723CA4727626D7B00C0059E /* JikanTopTests.xctest */ = {isa = PBXFileReference; explicitFileType = wrapper.cfbundle; includeInIndex = 0; path = JikanTopTests.xctest; sourceTree = BUILT_PRODUCTS_DIR; };
		0723CA4B27626D7B00C0059E /* JikanTopTests.swift */ = {isa = PBXFileReference; lastKnownFileType = sourcecode.swift; path = JikanTopTests.swift; sourceTree = "<group>"; };
		0723CA5127626D7B00C0059E /* JikanTopUITests.xctest */ = {isa = PBXFileReference; explicitFileType = wrapper.cfbundle; includeInIndex = 0; path = JikanTopUITests.xctest; sourceTree = BUILT_PRODUCTS_DIR; };
		0723CA5527626D7B00C0059E /* JikanTopUITests.swift */ = {isa = PBXFileReference; lastKnownFileType = sourcecode.swift; path = JikanTopUITests.swift; sourceTree = "<group>"; };
		0723CA5727626D7B00C0059E /* JikanTopUITestsLaunchTests.swift */ = {isa = PBXFileReference; lastKnownFileType = sourcecode.swift; path = JikanTopUITestsLaunchTests.swift; sourceTree = "<group>"; };
		0723CA6927626EB300C0059E /* JikanTarget.swift */ = {isa = PBXFileReference; lastKnownFileType = sourcecode.swift; path = JikanTarget.swift; sourceTree = "<group>"; };
		0723CA6F276275B800C0059E /* JikanTargetTests.swift */ = {isa = PBXFileReference; lastKnownFileType = sourcecode.swift; path = JikanTargetTests.swift; sourceTree = "<group>"; };
		0723CA78276276C400C0059E /* Sample1.json */ = {isa = PBXFileReference; lastKnownFileType = text.json; path = Sample1.json; sourceTree = "<group>"; };
		0723CA7A2762772800C0059E /* TopItem.swift */ = {isa = PBXFileReference; lastKnownFileType = sourcecode.swift; path = TopItem.swift; sourceTree = "<group>"; };
/* End PBXFileReference section */

/* Begin PBXFrameworksBuildPhase section */
		0723CA2E27626D7800C0059E /* Frameworks */ = {
			isa = PBXFrameworksBuildPhase;
			buildActionMask = 2147483647;
			files = (
				0723CA73276275F400C0059E /* RxCocoa in Frameworks */,
				0723CA7E2762774C00C0059E /* BackedCodable in Frameworks */,
				0723CA6627626E9100C0059E /* MoyaSugar in Frameworks */,
				0723CA81276278DF00C0059E /* Then in Frameworks */,
				0723CA77276275F400C0059E /* RxSwift in Frameworks */,
				0723CA8C27627E7A00C0059E /* RxDataSources in Frameworks */,
				0723CA75276275F400C0059E /* RxRelay in Frameworks */,
				0723CA8A27627E7A00C0059E /* Differentiator in Frameworks */,
				0723CA8727627E1700C0059E /* SnapKit in Frameworks */,
				0723CA8427627B4100C0059E /* RxMoya in Frameworks */,
				0723CA8F27627F2B00C0059E /* NSObject-Rx in Frameworks */,
				0723CA6D27626F4400C0059E /* SwifterSwift in Frameworks */,
			);
			runOnlyForDeploymentPostprocessing = 0;
		};
		0723CA4427626D7B00C0059E /* Frameworks */ = {
			isa = PBXFrameworksBuildPhase;
			buildActionMask = 2147483647;
			files = (
			);
			runOnlyForDeploymentPostprocessing = 0;
		};
		0723CA4E27626D7B00C0059E /* Frameworks */ = {
			isa = PBXFrameworksBuildPhase;
			buildActionMask = 2147483647;
			files = (
			);
			runOnlyForDeploymentPostprocessing = 0;
		};
/* End PBXFrameworksBuildPhase section */

/* Begin PBXGroup section */
		0723CA2827626D7800C0059E = {
			isa = PBXGroup;
			children = (
				0723CA3327626D7800C0059E /* JikanTop */,
				0723CA4A27626D7B00C0059E /* JikanTopTests */,
				0723CA5427626D7B00C0059E /* JikanTopUITests */,
				0723CA3227626D7800C0059E /* Products */,
			);
			sourceTree = "<group>";
		};
		0723CA3227626D7800C0059E /* Products */ = {
			isa = PBXGroup;
			children = (
				0723CA3127626D7800C0059E /* JikanTop.app */,
				0723CA4727626D7B00C0059E /* JikanTopTests.xctest */,
				0723CA5127626D7B00C0059E /* JikanTopUITests.xctest */,
			);
			name = Products;
			sourceTree = "<group>";
		};
		0723CA3327626D7800C0059E /* JikanTop */ = {
			isa = PBXGroup;
			children = (
				0723CA6827626EA200C0059E /* Services */,
				0723CA6727626E9B00C0059E /* Models */,
				0723CA3427626D7800C0059E /* AppDelegate.swift */,
				0723CA3627626D7800C0059E /* SceneDelegate.swift */,
				0723CA3827626D7800C0059E /* ViewController.swift */,
				0723CA3A27626D7800C0059E /* Main.storyboard */,
				0723CA3D27626D7B00C0059E /* Assets.xcassets */,
				0723CA3F27626D7B00C0059E /* LaunchScreen.storyboard */,
				0723CA4227626D7B00C0059E /* Info.plist */,
			);
			path = JikanTop;
			sourceTree = "<group>";
		};
		0723CA4A27626D7B00C0059E /* JikanTopTests */ = {
			isa = PBXGroup;
			children = (
				0723CA4B27626D7B00C0059E /* JikanTopTests.swift */,
				0723CA6E2762757D00C0059E /* Services */,
			);
			path = JikanTopTests;
			sourceTree = "<group>";
		};
		0723CA5427626D7B00C0059E /* JikanTopUITests */ = {
			isa = PBXGroup;
			children = (
				0723CA5527626D7B00C0059E /* JikanTopUITests.swift */,
				0723CA5727626D7B00C0059E /* JikanTopUITestsLaunchTests.swift */,
			);
			path = JikanTopUITests;
			sourceTree = "<group>";
		};
		0723CA6727626E9B00C0059E /* Models */ = {
			isa = PBXGroup;
			children = (
				0723CA7A2762772800C0059E /* TopItem.swift */,
			);
			path = Models;
			sourceTree = "<group>";
		};
		0723CA6827626EA200C0059E /* Services */ = {
			isa = PBXGroup;
			children = (
				0723CA6927626EB300C0059E /* JikanTarget.swift */,
			);
			path = Services;
			sourceTree = "<group>";
		};
		0723CA6E2762757D00C0059E /* Services */ = {
			isa = PBXGroup;
			children = (
				0723CA6F276275B800C0059E /* JikanTargetTests.swift */,
				0723CA78276276C400C0059E /* Sample1.json */,
			);
			path = Services;
			sourceTree = "<group>";
		};
/* End PBXGroup section */

/* Begin PBXNativeTarget section */
		0723CA3027626D7800C0059E /* JikanTop */ = {
			isa = PBXNativeTarget;
			buildConfigurationList = 0723CA5B27626D7B00C0059E /* Build configuration list for PBXNativeTarget "JikanTop" */;
			buildPhases = (
				0723CA2D27626D7800C0059E /* Sources */,
				0723CA2E27626D7800C0059E /* Frameworks */,
				0723CA2F27626D7800C0059E /* Resources */,
			);
			buildRules = (
			);
			dependencies = (
			);
			name = JikanTop;
			packageProductDependencies = (
				0723CA6527626E9100C0059E /* MoyaSugar */,
				0723CA6C27626F4400C0059E /* SwifterSwift */,
				0723CA72276275F400C0059E /* RxCocoa */,
				0723CA74276275F400C0059E /* RxRelay */,
				0723CA76276275F400C0059E /* RxSwift */,
				0723CA7D2762774C00C0059E /* BackedCodable */,
				0723CA80276278DF00C0059E /* Then */,
				0723CA8327627B4100C0059E /* RxMoya */,
				0723CA8627627E1700C0059E /* SnapKit */,
				0723CA8927627E7A00C0059E /* Differentiator */,
				0723CA8B27627E7A00C0059E /* RxDataSources */,
				0723CA8E27627F2B00C0059E /* NSObject-Rx */,
			);
			productName = JikanTop;
			productReference = 0723CA3127626D7800C0059E /* JikanTop.app */;
			productType = "com.apple.product-type.application";
		};
		0723CA4627626D7B00C0059E /* JikanTopTests */ = {
			isa = PBXNativeTarget;
			buildConfigurationList = 0723CA5E27626D7B00C0059E /* Build configuration list for PBXNativeTarget "JikanTopTests" */;
			buildPhases = (
				0723CA4327626D7B00C0059E /* Sources */,
				0723CA4427626D7B00C0059E /* Frameworks */,
				0723CA4527626D7B00C0059E /* Resources */,
			);
			buildRules = (
			);
			dependencies = (
				0723CA4927626D7B00C0059E /* PBXTargetDependency */,
			);
			name = JikanTopTests;
			productName = JikanTopTests;
			productReference = 0723CA4727626D7B00C0059E /* JikanTopTests.xctest */;
			productType = "com.apple.product-type.bundle.unit-test";
		};
		0723CA5027626D7B00C0059E /* JikanTopUITests */ = {
			isa = PBXNativeTarget;
			buildConfigurationList = 0723CA6127626D7B00C0059E /* Build configuration list for PBXNativeTarget "JikanTopUITests" */;
			buildPhases = (
				0723CA4D27626D7B00C0059E /* Sources */,
				0723CA4E27626D7B00C0059E /* Frameworks */,
				0723CA4F27626D7B00C0059E /* Resources */,
			);
			buildRules = (
			);
			dependencies = (
				0723CA5327626D7B00C0059E /* PBXTargetDependency */,
			);
			name = JikanTopUITests;
			productName = JikanTopUITests;
			productReference = 0723CA5127626D7B00C0059E /* JikanTopUITests.xctest */;
			productType = "com.apple.product-type.bundle.ui-testing";
		};
/* End PBXNativeTarget section */

/* Begin PBXProject section */
		0723CA2927626D7800C0059E /* Project object */ = {
			isa = PBXProject;
			attributes = {
				BuildIndependentTargetsInParallel = 1;
				LastSwiftUpdateCheck = 1310;
				LastUpgradeCheck = 1310;
				TargetAttributes = {
					0723CA3027626D7800C0059E = {
						CreatedOnToolsVersion = 13.1;
					};
					0723CA4627626D7B00C0059E = {
						CreatedOnToolsVersion = 13.1;
						TestTargetID = 0723CA3027626D7800C0059E;
					};
					0723CA5027626D7B00C0059E = {
						CreatedOnToolsVersion = 13.1;
						TestTargetID = 0723CA3027626D7800C0059E;
					};
				};
			};
			buildConfigurationList = 0723CA2C27626D7800C0059E /* Build configuration list for PBXProject "JikanTop" */;
			compatibilityVersion = "Xcode 13.0";
			developmentRegion = en;
			hasScannedForEncodings = 0;
			knownRegions = (
				en,
				Base,
			);
			mainGroup = 0723CA2827626D7800C0059E;
			packageReferences = (
				0723CA6427626E9100C0059E /* XCRemoteSwiftPackageReference "MoyaSugar" */,
				0723CA6B27626F4300C0059E /* XCRemoteSwiftPackageReference "SwifterSwift" */,
				0723CA71276275F400C0059E /* XCRemoteSwiftPackageReference "RxSwift" */,
				0723CA7C2762774B00C0059E /* XCRemoteSwiftPackageReference "BackedCodable" */,
				0723CA7F276278DF00C0059E /* XCRemoteSwiftPackageReference "Then" */,
				0723CA8227627B4100C0059E /* XCRemoteSwiftPackageReference "Moya" */,
				0723CA8527627E1700C0059E /* XCRemoteSwiftPackageReference "SnapKit" */,
				0723CA8827627E7A00C0059E /* XCRemoteSwiftPackageReference "RxDataSources" */,
				0723CA8D27627F2B00C0059E /* XCRemoteSwiftPackageReference "NSObject-Rx" */,
			);
			productRefGroup = 0723CA3227626D7800C0059E /* Products */;
			projectDirPath = "";
			projectRoot = "";
			targets = (
				0723CA3027626D7800C0059E /* JikanTop */,
				0723CA4627626D7B00C0059E /* JikanTopTests */,
				0723CA5027626D7B00C0059E /* JikanTopUITests */,
			);
		};
/* End PBXProject section */

/* Begin PBXResourcesBuildPhase section */
		0723CA2F27626D7800C0059E /* Resources */ = {
			isa = PBXResourcesBuildPhase;
			buildActionMask = 2147483647;
			files = (
				0723CA4127626D7B00C0059E /* LaunchScreen.storyboard in Resources */,
				0723CA3E27626D7B00C0059E /* Assets.xcassets in Resources */,
				0723CA3C27626D7800C0059E /* Main.storyboard in Resources */,
			);
			runOnlyForDeploymentPostprocessing = 0;
		};
		0723CA4527626D7B00C0059E /* Resources */ = {
			isa = PBXResourcesBuildPhase;
			buildActionMask = 2147483647;
			files = (
				0723CA79276276C400C0059E /* Sample1.json in Resources */,
			);
			runOnlyForDeploymentPostprocessing = 0;
		};
		0723CA4F27626D7B00C0059E /* Resources */ = {
			isa = PBXResourcesBuildPhase;
			buildActionMask = 2147483647;
			files = (
			);
			runOnlyForDeploymentPostprocessing = 0;
		};
/* End PBXResourcesBuildPhase section */

/* Begin PBXSourcesBuildPhase section */
		0723CA2D27626D7800C0059E /* Sources */ = {
			isa = PBXSourcesBuildPhase;
			buildActionMask = 2147483647;
			files = (
				0723CA6A27626EB300C0059E /* JikanTarget.swift in Sources */,
				0723CA3927626D7800C0059E /* ViewController.swift in Sources */,
				0723CA3527626D7800C0059E /* AppDelegate.swift in Sources */,
				0723CA3727626D7800C0059E /* SceneDelegate.swift in Sources */,
				0723CA7B2762772800C0059E /* TopItem.swift in Sources */,
			);
			runOnlyForDeploymentPostprocessing = 0;
		};
		0723CA4327626D7B00C0059E /* Sources */ = {
			isa = PBXSourcesBuildPhase;
			buildActionMask = 2147483647;
			files = (
				0723CA70276275B800C0059E /* JikanTargetTests.swift in Sources */,
				0723CA4C27626D7B00C0059E /* JikanTopTests.swift in Sources */,
			);
			runOnlyForDeploymentPostprocessing = 0;
		};
		0723CA4D27626D7B00C0059E /* Sources */ = {
			isa = PBXSourcesBuildPhase;
			buildActionMask = 2147483647;
			files = (
				0723CA5827626D7B00C0059E /* JikanTopUITestsLaunchTests.swift in Sources */,
				0723CA5627626D7B00C0059E /* JikanTopUITests.swift in Sources */,
			);
			runOnlyForDeploymentPostprocessing = 0;
		};
/* End PBXSourcesBuildPhase section */

/* Begin PBXTargetDependency section */
		0723CA4927626D7B00C0059E /* PBXTargetDependency */ = {
			isa = PBXTargetDependency;
			target = 0723CA3027626D7800C0059E /* JikanTop */;
			targetProxy = 0723CA4827626D7B00C0059E /* PBXContainerItemProxy */;
		};
		0723CA5327626D7B00C0059E /* PBXTargetDependency */ = {
			isa = PBXTargetDependency;
			target = 0723CA3027626D7800C0059E /* JikanTop */;
			targetProxy = 0723CA5227626D7B00C0059E /* PBXContainerItemProxy */;
		};
/* End PBXTargetDependency section */

/* Begin PBXVariantGroup section */
		0723CA3A27626D7800C0059E /* Main.storyboard */ = {
			isa = PBXVariantGroup;
			children = (
				0723CA3B27626D7800C0059E /* Base */,
			);
			name = Main.storyboard;
			sourceTree = "<group>";
		};
		0723CA3F27626D7B00C0059E /* LaunchScreen.storyboard */ = {
			isa = PBXVariantGroup;
			children = (
				0723CA4027626D7B00C0059E /* Base */,
			);
			name = LaunchScreen.storyboard;
			sourceTree = "<group>";
		};
/* End PBXVariantGroup section */

/* Begin XCBuildConfiguration section */
		0723CA5927626D7B00C0059E /* Debug */ = {
			isa = XCBuildConfiguration;
			buildSettings = {
				ALWAYS_SEARCH_USER_PATHS = NO;
				CLANG_ANALYZER_NONNULL = YES;
				CLANG_ANALYZER_NUMBER_OBJECT_CONVERSION = YES_AGGRESSIVE;
				CLANG_CXX_LANGUAGE_STANDARD = "gnu++17";
				CLANG_CXX_LIBRARY = "libc++";
				CLANG_ENABLE_MODULES = YES;
				CLANG_ENABLE_OBJC_ARC = YES;
				CLANG_ENABLE_OBJC_WEAK = YES;
				CLANG_WARN_BLOCK_CAPTURE_AUTORELEASING = YES;
				CLANG_WARN_BOOL_CONVERSION = YES;
				CLANG_WARN_COMMA = YES;
				CLANG_WARN_CONSTANT_CONVERSION = YES;
				CLANG_WARN_DEPRECATED_OBJC_IMPLEMENTATIONS = YES;
				CLANG_WARN_DIRECT_OBJC_ISA_USAGE = YES_ERROR;
				CLANG_WARN_DOCUMENTATION_COMMENTS = YES;
				CLANG_WARN_EMPTY_BODY = YES;
				CLANG_WARN_ENUM_CONVERSION = YES;
				CLANG_WARN_INFINITE_RECURSION = YES;
				CLANG_WARN_INT_CONVERSION = YES;
				CLANG_WARN_NON_LITERAL_NULL_CONVERSION = YES;
				CLANG_WARN_OBJC_IMPLICIT_RETAIN_SELF = YES;
				CLANG_WARN_OBJC_LITERAL_CONVERSION = YES;
				CLANG_WARN_OBJC_ROOT_CLASS = YES_ERROR;
				CLANG_WARN_QUOTED_INCLUDE_IN_FRAMEWORK_HEADER = YES;
				CLANG_WARN_RANGE_LOOP_ANALYSIS = YES;
				CLANG_WARN_STRICT_PROTOTYPES = YES;
				CLANG_WARN_SUSPICIOUS_MOVE = YES;
				CLANG_WARN_UNGUARDED_AVAILABILITY = YES_AGGRESSIVE;
				CLANG_WARN_UNREACHABLE_CODE = YES;
				CLANG_WARN__DUPLICATE_METHOD_MATCH = YES;
				COPY_PHASE_STRIP = NO;
				DEBUG_INFORMATION_FORMAT = dwarf;
				ENABLE_STRICT_OBJC_MSGSEND = YES;
				ENABLE_TESTABILITY = YES;
				GCC_C_LANGUAGE_STANDARD = gnu11;
				GCC_DYNAMIC_NO_PIC = NO;
				GCC_NO_COMMON_BLOCKS = YES;
				GCC_OPTIMIZATION_LEVEL = 0;
				GCC_PREPROCESSOR_DEFINITIONS = (
					"DEBUG=1",
					"$(inherited)",
				);
				GCC_WARN_64_TO_32_BIT_CONVERSION = YES;
				GCC_WARN_ABOUT_RETURN_TYPE = YES_ERROR;
				GCC_WARN_UNDECLARED_SELECTOR = YES;
				GCC_WARN_UNINITIALIZED_AUTOS = YES_AGGRESSIVE;
				GCC_WARN_UNUSED_FUNCTION = YES;
				GCC_WARN_UNUSED_VARIABLE = YES;
				IPHONEOS_DEPLOYMENT_TARGET = 15.0;
				MTL_ENABLE_DEBUG_INFO = INCLUDE_SOURCE;
				MTL_FAST_MATH = YES;
				ONLY_ACTIVE_ARCH = YES;
				SDKROOT = iphoneos;
				SWIFT_ACTIVE_COMPILATION_CONDITIONS = DEBUG;
				SWIFT_OPTIMIZATION_LEVEL = "-Onone";
			};
			name = Debug;
		};
		0723CA5A27626D7B00C0059E /* Release */ = {
			isa = XCBuildConfiguration;
			buildSettings = {
				ALWAYS_SEARCH_USER_PATHS = NO;
				CLANG_ANALYZER_NONNULL = YES;
				CLANG_ANALYZER_NUMBER_OBJECT_CONVERSION = YES_AGGRESSIVE;
				CLANG_CXX_LANGUAGE_STANDARD = "gnu++17";
				CLANG_CXX_LIBRARY = "libc++";
				CLANG_ENABLE_MODULES = YES;
				CLANG_ENABLE_OBJC_ARC = YES;
				CLANG_ENABLE_OBJC_WEAK = YES;
				CLANG_WARN_BLOCK_CAPTURE_AUTORELEASING = YES;
				CLANG_WARN_BOOL_CONVERSION = YES;
				CLANG_WARN_COMMA = YES;
				CLANG_WARN_CONSTANT_CONVERSION = YES;
				CLANG_WARN_DEPRECATED_OBJC_IMPLEMENTATIONS = YES;
				CLANG_WARN_DIRECT_OBJC_ISA_USAGE = YES_ERROR;
				CLANG_WARN_DOCUMENTATION_COMMENTS = YES;
				CLANG_WARN_EMPTY_BODY = YES;
				CLANG_WARN_ENUM_CONVERSION = YES;
				CLANG_WARN_INFINITE_RECURSION = YES;
				CLANG_WARN_INT_CONVERSION = YES;
				CLANG_WARN_NON_LITERAL_NULL_CONVERSION = YES;
				CLANG_WARN_OBJC_IMPLICIT_RETAIN_SELF = YES;
				CLANG_WARN_OBJC_LITERAL_CONVERSION = YES;
				CLANG_WARN_OBJC_ROOT_CLASS = YES_ERROR;
				CLANG_WARN_QUOTED_INCLUDE_IN_FRAMEWORK_HEADER = YES;
				CLANG_WARN_RANGE_LOOP_ANALYSIS = YES;
				CLANG_WARN_STRICT_PROTOTYPES = YES;
				CLANG_WARN_SUSPICIOUS_MOVE = YES;
				CLANG_WARN_UNGUARDED_AVAILABILITY = YES_AGGRESSIVE;
				CLANG_WARN_UNREACHABLE_CODE = YES;
				CLANG_WARN__DUPLICATE_METHOD_MATCH = YES;
				COPY_PHASE_STRIP = NO;
				DEBUG_INFORMATION_FORMAT = "dwarf-with-dsym";
				ENABLE_NS_ASSERTIONS = NO;
				ENABLE_STRICT_OBJC_MSGSEND = YES;
				GCC_C_LANGUAGE_STANDARD = gnu11;
				GCC_NO_COMMON_BLOCKS = YES;
				GCC_WARN_64_TO_32_BIT_CONVERSION = YES;
				GCC_WARN_ABOUT_RETURN_TYPE = YES_ERROR;
				GCC_WARN_UNDECLARED_SELECTOR = YES;
				GCC_WARN_UNINITIALIZED_AUTOS = YES_AGGRESSIVE;
				GCC_WARN_UNUSED_FUNCTION = YES;
				GCC_WARN_UNUSED_VARIABLE = YES;
				IPHONEOS_DEPLOYMENT_TARGET = 15.0;
				MTL_ENABLE_DEBUG_INFO = NO;
				MTL_FAST_MATH = YES;
				SDKROOT = iphoneos;
				SWIFT_COMPILATION_MODE = wholemodule;
				SWIFT_OPTIMIZATION_LEVEL = "-O";
				VALIDATE_PRODUCT = YES;
			};
			name = Release;
		};
		0723CA5C27626D7B00C0059E /* Debug */ = {
			isa = XCBuildConfiguration;
			buildSettings = {
				ASSETCATALOG_COMPILER_APPICON_NAME = AppIcon;
				ASSETCATALOG_COMPILER_GLOBAL_ACCENT_COLOR_NAME = AccentColor;
				CODE_SIGN_STYLE = Automatic;
				CURRENT_PROJECT_VERSION = 1;
				DEVELOPMENT_TEAM = 66D3CJTRN4;
				GENERATE_INFOPLIST_FILE = YES;
				INFOPLIST_FILE = JikanTop/Info.plist;
				INFOPLIST_KEY_UIApplicationSupportsIndirectInputEvents = YES;
				INFOPLIST_KEY_UILaunchStoryboardName = LaunchScreen;
				INFOPLIST_KEY_UIMainStoryboardFile = Main;
				INFOPLIST_KEY_UISupportedInterfaceOrientations_iPad = "UIInterfaceOrientationPortrait UIInterfaceOrientationPortraitUpsideDown UIInterfaceOrientationLandscapeLeft UIInterfaceOrientationLandscapeRight";
				INFOPLIST_KEY_UISupportedInterfaceOrientations_iPhone = "UIInterfaceOrientationPortrait UIInterfaceOrientationLandscapeLeft UIInterfaceOrientationLandscapeRight";
				LD_RUNPATH_SEARCH_PATHS = (
					"$(inherited)",
					"@executable_path/Frameworks",
				);
				MARKETING_VERSION = 1.0;
				PRODUCT_BUNDLE_IDENTIFIER = org.yao.JikanTop;
				PRODUCT_NAME = "$(TARGET_NAME)";
				SWIFT_EMIT_LOC_STRINGS = YES;
				SWIFT_VERSION = 5.0;
				TARGETED_DEVICE_FAMILY = 1;
			};
			name = Debug;
		};
		0723CA5D27626D7B00C0059E /* Release */ = {
			isa = XCBuildConfiguration;
			buildSettings = {
				ASSETCATALOG_COMPILER_APPICON_NAME = AppIcon;
				ASSETCATALOG_COMPILER_GLOBAL_ACCENT_COLOR_NAME = AccentColor;
				CODE_SIGN_STYLE = Automatic;
				CURRENT_PROJECT_VERSION = 1;
				DEVELOPMENT_TEAM = 66D3CJTRN4;
				GENERATE_INFOPLIST_FILE = YES;
				INFOPLIST_FILE = JikanTop/Info.plist;
				INFOPLIST_KEY_UIApplicationSupportsIndirectInputEvents = YES;
				INFOPLIST_KEY_UILaunchStoryboardName = LaunchScreen;
				INFOPLIST_KEY_UIMainStoryboardFile = Main;
				INFOPLIST_KEY_UISupportedInterfaceOrientations_iPad = "UIInterfaceOrientationPortrait UIInterfaceOrientationPortraitUpsideDown UIInterfaceOrientationLandscapeLeft UIInterfaceOrientationLandscapeRight";
				INFOPLIST_KEY_UISupportedInterfaceOrientations_iPhone = "UIInterfaceOrientationPortrait UIInterfaceOrientationLandscapeLeft UIInterfaceOrientationLandscapeRight";
				LD_RUNPATH_SEARCH_PATHS = (
					"$(inherited)",
					"@executable_path/Frameworks",
				);
				MARKETING_VERSION = 1.0;
				PRODUCT_BUNDLE_IDENTIFIER = org.yao.JikanTop;
				PRODUCT_NAME = "$(TARGET_NAME)";
				SWIFT_EMIT_LOC_STRINGS = YES;
				SWIFT_VERSION = 5.0;
				TARGETED_DEVICE_FAMILY = 1;
			};
			name = Release;
		};
		0723CA5F27626D7B00C0059E /* Debug */ = {
			isa = XCBuildConfiguration;
			buildSettings = {
				ALWAYS_EMBED_SWIFT_STANDARD_LIBRARIES = YES;
				BUNDLE_LOADER = "$(TEST_HOST)";
				CODE_SIGN_STYLE = Automatic;
				CURRENT_PROJECT_VERSION = 1;
				DEVELOPMENT_TEAM = 66D3CJTRN4;
				GENERATE_INFOPLIST_FILE = YES;
				IPHONEOS_DEPLOYMENT_TARGET = 15.0;
				LD_RUNPATH_SEARCH_PATHS = (
					"$(inherited)",
					"@executable_path/Frameworks",
					"@loader_path/Frameworks",
				);
				MARKETING_VERSION = 1.0;
				PRODUCT_BUNDLE_IDENTIFIER = org.yao.JikanTopTests;
				PRODUCT_NAME = "$(TARGET_NAME)";
				SWIFT_EMIT_LOC_STRINGS = NO;
				SWIFT_VERSION = 5.0;
				TARGETED_DEVICE_FAMILY = "1,2";
				TEST_HOST = "$(BUILT_PRODUCTS_DIR)/JikanTop.app/JikanTop";
			};
			name = Debug;
		};
		0723CA6027626D7B00C0059E /* Release */ = {
			isa = XCBuildConfiguration;
			buildSettings = {
				ALWAYS_EMBED_SWIFT_STANDARD_LIBRARIES = YES;
				BUNDLE_LOADER = "$(TEST_HOST)";
				CODE_SIGN_STYLE = Automatic;
				CURRENT_PROJECT_VERSION = 1;
				DEVELOPMENT_TEAM = 66D3CJTRN4;
				GENERATE_INFOPLIST_FILE = YES;
				IPHONEOS_DEPLOYMENT_TARGET = 15.0;
				LD_RUNPATH_SEARCH_PATHS = (
					"$(inherited)",
					"@executable_path/Frameworks",
					"@loader_path/Frameworks",
				);
				MARKETING_VERSION = 1.0;
				PRODUCT_BUNDLE_IDENTIFIER = org.yao.JikanTopTests;
				PRODUCT_NAME = "$(TARGET_NAME)";
				SWIFT_EMIT_LOC_STRINGS = NO;
				SWIFT_VERSION = 5.0;
				TARGETED_DEVICE_FAMILY = "1,2";
				TEST_HOST = "$(BUILT_PRODUCTS_DIR)/JikanTop.app/JikanTop";
			};
			name = Release;
		};
		0723CA6227626D7B00C0059E /* Debug */ = {
			isa = XCBuildConfiguration;
			buildSettings = {
				ALWAYS_EMBED_SWIFT_STANDARD_LIBRARIES = YES;
				CODE_SIGN_STYLE = Automatic;
				CURRENT_PROJECT_VERSION = 1;
				DEVELOPMENT_TEAM = 66D3CJTRN4;
				GENERATE_INFOPLIST_FILE = YES;
				LD_RUNPATH_SEARCH_PATHS = (
					"$(inherited)",
					"@executable_path/Frameworks",
					"@loader_path/Frameworks",
				);
				MARKETING_VERSION = 1.0;
				PRODUCT_BUNDLE_IDENTIFIER = org.yao.JikanTopUITests;
				PRODUCT_NAME = "$(TARGET_NAME)";
				SWIFT_EMIT_LOC_STRINGS = NO;
				SWIFT_VERSION = 5.0;
				TARGETED_DEVICE_FAMILY = "1,2";
				TEST_TARGET_NAME = JikanTop;
			};
			name = Debug;
		};
		0723CA6327626D7B00C0059E /* Release */ = {
			isa = XCBuildConfiguration;
			buildSettings = {
				ALWAYS_EMBED_SWIFT_STANDARD_LIBRARIES = YES;
				CODE_SIGN_STYLE = Automatic;
				CURRENT_PROJECT_VERSION = 1;
				DEVELOPMENT_TEAM = 66D3CJTRN4;
				GENERATE_INFOPLIST_FILE = YES;
				LD_RUNPATH_SEARCH_PATHS = (
					"$(inherited)",
					"@executable_path/Frameworks",
					"@loader_path/Frameworks",
				);
				MARKETING_VERSION = 1.0;
				PRODUCT_BUNDLE_IDENTIFIER = org.yao.JikanTopUITests;
				PRODUCT_NAME = "$(TARGET_NAME)";
				SWIFT_EMIT_LOC_STRINGS = NO;
				SWIFT_VERSION = 5.0;
				TARGETED_DEVICE_FAMILY = "1,2";
				TEST_TARGET_NAME = JikanTop;
			};
			name = Release;
		};
/* End XCBuildConfiguration section */

/* Begin XCConfigurationList section */
		0723CA2C27626D7800C0059E /* Build configuration list for PBXProject "JikanTop" */ = {
			isa = XCConfigurationList;
			buildConfigurations = (
				0723CA5927626D7B00C0059E /* Debug */,
				0723CA5A27626D7B00C0059E /* Release */,
			);
			defaultConfigurationIsVisible = 0;
			defaultConfigurationName = Release;
		};
		0723CA5B27626D7B00C0059E /* Build configuration list for PBXNativeTarget "JikanTop" */ = {
			isa = XCConfigurationList;
			buildConfigurations = (
				0723CA5C27626D7B00C0059E /* Debug */,
				0723CA5D27626D7B00C0059E /* Release */,
			);
			defaultConfigurationIsVisible = 0;
			defaultConfigurationName = Release;
		};
		0723CA5E27626D7B00C0059E /* Build configuration list for PBXNativeTarget "JikanTopTests" */ = {
			isa = XCConfigurationList;
			buildConfigurations = (
				0723CA5F27626D7B00C0059E /* Debug */,
				0723CA6027626D7B00C0059E /* Release */,
			);
			defaultConfigurationIsVisible = 0;
			defaultConfigurationName = Release;
		};
		0723CA6127626D7B00C0059E /* Build configuration list for PBXNativeTarget "JikanTopUITests" */ = {
			isa = XCConfigurationList;
			buildConfigurations = (
				0723CA6227626D7B00C0059E /* Debug */,
				0723CA6327626D7B00C0059E /* Release */,
			);
			defaultConfigurationIsVisible = 0;
			defaultConfigurationName = Release;
		};
/* End XCConfigurationList section */

/* Begin XCRemoteSwiftPackageReference section */
		0723CA6427626E9100C0059E /* XCRemoteSwiftPackageReference "MoyaSugar" */ = {
			isa = XCRemoteSwiftPackageReference;
			repositoryURL = "https://github.com/erichsu/MoyaSugar";
			requirement = {
				branch = master;
				kind = branch;
			};
		};
		0723CA6B27626F4300C0059E /* XCRemoteSwiftPackageReference "SwifterSwift" */ = {
			isa = XCRemoteSwiftPackageReference;
			repositoryURL = "https://github.com/SwifterSwift/SwifterSwift";
			requirement = {
				kind = upToNextMajorVersion;
				minimumVersion = 5.2.0;
			};
		};
		0723CA71276275F400C0059E /* XCRemoteSwiftPackageReference "RxSwift" */ = {
			isa = XCRemoteSwiftPackageReference;
			repositoryURL = "https://github.com/ReactiveX/RxSwift";
			requirement = {
				kind = upToNextMajorVersion;
				minimumVersion = 6.0.0;
			};
		};
		0723CA7C2762774B00C0059E /* XCRemoteSwiftPackageReference "BackedCodable" */ = {
			isa = XCRemoteSwiftPackageReference;
			repositoryURL = "https://github.com/jegnux/BackedCodable";
			requirement = {
				kind = upToNextMajorVersion;
				minimumVersion = 0.1.1;
			};
		};
		0723CA7F276278DF00C0059E /* XCRemoteSwiftPackageReference "Then" */ = {
			isa = XCRemoteSwiftPackageReference;
			repositoryURL = "https://github.com/devxoul/Then";
			requirement = {
				kind = upToNextMajorVersion;
				minimumVersion = 2.0.0;
			};
		};
		0723CA8227627B4100C0059E /* XCRemoteSwiftPackageReference "Moya" */ = {
			isa = XCRemoteSwiftPackageReference;
			repositoryURL = "https://github.com/Moya/Moya";
			requirement = {
				kind = upToNextMajorVersion;
				minimumVersion = 15.0.0;
			};
		};
		0723CA8527627E1700C0059E /* XCRemoteSwiftPackageReference "SnapKit" */ = {
			isa = XCRemoteSwiftPackageReference;
			repositoryURL = "https://github.com/SnapKit/SnapKit";
			requirement = {
				kind = upToNextMajorVersion;
				minimumVersion = 5.0.0;
			};
		};
		0723CA8827627E7A00C0059E /* XCRemoteSwiftPackageReference "RxDataSources" */ = {
			isa = XCRemoteSwiftPackageReference;
			repositoryURL = "https://github.com/RxSwiftCommunity/RxDataSources";
			requirement = {
				kind = upToNextMajorVersion;
				minimumVersion = 5.0.0;
			};
		};
		0723CA8D27627F2B00C0059E /* XCRemoteSwiftPackageReference "NSObject-Rx" */ = {
			isa = XCRemoteSwiftPackageReference;
			repositoryURL = "https://github.com/RxSwiftCommunity/NSObject-Rx";
			requirement = {
				kind = upToNextMajorVersion;
				minimumVersion = 5.0.0;
			};
		};
/* End XCRemoteSwiftPackageReference section */

/* Begin XCSwiftPackageProductDependency section */
		0723CA6527626E9100C0059E /* MoyaSugar */ = {
			isa = XCSwiftPackageProductDependency;
			package = 0723CA6427626E9100C0059E /* XCRemoteSwiftPackageReference "MoyaSugar" */;
			productName = MoyaSugar;
		};
		0723CA6C27626F4400C0059E /* SwifterSwift */ = {
			isa = XCSwiftPackageProductDependency;
			package = 0723CA6B27626F4300C0059E /* XCRemoteSwiftPackageReference "SwifterSwift" */;
			productName = SwifterSwift;
		};
		0723CA72276275F400C0059E /* RxCocoa */ = {
			isa = XCSwiftPackageProductDependency;
			package = 0723CA71276275F400C0059E /* XCRemoteSwiftPackageReference "RxSwift" */;
			productName = RxCocoa;
		};
		0723CA74276275F400C0059E /* RxRelay */ = {
			isa = XCSwiftPackageProductDependency;
			package = 0723CA71276275F400C0059E /* XCRemoteSwiftPackageReference "RxSwift" */;
			productName = RxRelay;
		};
		0723CA76276275F400C0059E /* RxSwift */ = {
			isa = XCSwiftPackageProductDependency;
			package = 0723CA71276275F400C0059E /* XCRemoteSwiftPackageReference "RxSwift" */;
			productName = RxSwift;
		};
		0723CA7D2762774C00C0059E /* BackedCodable */ = {
			isa = XCSwiftPackageProductDependency;
			package = 0723CA7C2762774B00C0059E /* XCRemoteSwiftPackageReference "BackedCodable" */;
			productName = BackedCodable;
		};
		0723CA80276278DF00C0059E /* Then */ = {
			isa = XCSwiftPackageProductDependency;
			package = 0723CA7F276278DF00C0059E /* XCRemoteSwiftPackageReference "Then" */;
			productName = Then;
		};
		0723CA8327627B4100C0059E /* RxMoya */ = {
			isa = XCSwiftPackageProductDependency;
			package = 0723CA8227627B4100C0059E /* XCRemoteSwiftPackageReference "Moya" */;
			productName = RxMoya;
		};
		0723CA8627627E1700C0059E /* SnapKit */ = {
			isa = XCSwiftPackageProductDependency;
			package = 0723CA8527627E1700C0059E /* XCRemoteSwiftPackageReference "SnapKit" */;
			productName = SnapKit;
		};
		0723CA8927627E7A00C0059E /* Differentiator */ = {
			isa = XCSwiftPackageProductDependency;
			package = 0723CA8827627E7A00C0059E /* XCRemoteSwiftPackageReference "RxDataSources" */;
			productName = Differentiator;
		};
		0723CA8B27627E7A00C0059E /* RxDataSources */ = {
			isa = XCSwiftPackageProductDependency;
			package = 0723CA8827627E7A00C0059E /* XCRemoteSwiftPackageReference "RxDataSources" */;
			productName = RxDataSources;
		};
		0723CA8E27627F2B00C0059E /* NSObject-Rx */ = {
			isa = XCSwiftPackageProductDependency;
			package = 0723CA8D27627F2B00C0059E /* XCRemoteSwiftPackageReference "NSObject-Rx" */;
			productName = "NSObject-Rx";
		};
/* End XCSwiftPackageProductDependency section */
	};
	rootObject = 0723CA2927626D7800C0059E /* Project object */;
}
